// !$*UTF8*$!
{
	archiveVersion = 1;
	classes = {
	};
	objectVersion = 77;
	objects = {

/* Begin PBXContainerItemProxy section */
		52808BC42F3DFA1800A676DD /* PBXContainerItemProxy */ = {
			isa = PBXContainerItemProxy;
			containerPortal = 52808BAE2F3DFA1600A676DD /* Project object */;
			proxyType = 1;
			remoteGlobalIDString = 52808BB52F3DFA1600A676DD;
			remoteInfo = PocketPlant;
		};
		52808BCE2F3DFA1800A676DD /* PBXContainerItemProxy */ = {
			isa = PBXContainerItemProxy;
			containerPortal = 52808BAE2F3DFA1600A676DD /* Project object */;
			proxyType = 1;
			remoteGlobalIDString = 52808BB52F3DFA1600A676DD;
			remoteInfo = PocketPlant;
		};
/* End PBXContainerItemProxy section */

/* Begin PBXFileReference section */
		52808BB62F3DFA1600A676DD /* PocketPlant.app */ = {isa = PBXFileReference; explicitFileType = wrapper.application; includeInIndex = 0; path = PocketPlant.app; sourceTree = BUILT_PRODUCTS_DIR; };
		52808BC32F3DFA1800A676DD /* PocketPlantTests.xctest */ = {isa = PBXFileReference; explicitFileType = wrapper.cfbundle; includeInIndex = 0; path = PocketPlantTests.xctest; sourceTree = BUILT_PRODUCTS_DIR; };
		52808BCD2F3DFA1800A676DD /* PocketPlantUITests.xctest */ = {isa = PBXFileReference; explicitFileType = wrapper.cfbundle; includeInIndex = 0; path = PocketPlantUITests.xctest; sourceTree = BUILT_PRODUCTS_DIR; };
/* End PBXFileReference section */

/* Begin PBXFileSystemSynchronizedRootGroup section */
		52808BB82F3DFA1600A676DD /* PocketPlant */ = {
			isa = PBXFileSystemSynchronizedRootGroup;
			path = PocketPlant;
			sourceTree = "<group>";
		};
		52808BC62F3DFA1800A676DD /* PocketPlantTests */ = {
			isa = PBXFileSystemSynchronizedRootGroup;
			path = PocketPlantTests;
			sourceTree = "<group>";
		};
		52808BD02F3DFA1800A676DD /* PocketPlantUITests */ = {
			isa = PBXFileSystemSynchronizedRootGroup;
			path = PocketPlantUITests;
			sourceTree = "<group>";
		};
/* End PBXFileSystemSynchronizedRootGroup section */

/* Begin PBXFrameworksBuildPhase section */
		52808BB32F3DFA1600A676DD /* Frameworks */ = {
			isa = PBXFrameworksBuildPhase;
			buildActionMask = 2147483647;
			files = (
			);
			runOnlyForDeploymentPostprocessing = 0;
		};
		52808BC02F3DFA1800A676DD /* Frameworks */ = {
			isa = PBXFrameworksBuildPhase;
			buildActionMask = 2147483647;
			files = (
			);
			runOnlyForDeploymentPostprocessing = 0;
		};
		52808BCA2F3DFA1800A676DD /* Frameworks */ = {
			isa = PBXFrameworksBuildPhase;
			buildActionMask = 2147483647;
			files = (
			);
			runOnlyForDeploymentPostprocessing = 0;
		};
/* End PBXFrameworksBuildPhase section */

/* Begin PBXGroup section */
		52808BAD2F3DFA1600A676DD = {
			isa = PBXGroup;
			children = (
				52808BB82F3DFA1600A676DD /* PocketPlant */,
				52808BC62F3DFA1800A676DD /* PocketPlantTests */,
				52808BD02F3DFA1800A676DD /* PocketPlantUITests */,
				52808BB72F3DFA1600A676DD /* Products */,
			);
			sourceTree = "<group>";
		};
		52808BB72F3DFA1600A676DD /* Products */ = {
			isa = PBXGroup;
			children = (
				52808BB62F3DFA1600A676DD /* PocketPlant.app */,
				52808BC32F3DFA1800A676DD /* PocketPlantTests.xctest */,
				52808BCD2F3DFA1800A676DD /* PocketPlantUITests.xctest */,
			);
			name = Products;
			sourceTree = "<group>";
		};
/* End PBXGroup section */

/* Begin PBXNativeTarget section */
		52808BB52F3DFA1600A676DD /* PocketPlant */ = {
			isa = PBXNativeTarget;
			buildConfigurationList = 52808BD72F3DFA1800A676DD /* Build configuration list for PBXNativeTarget "PocketPlant" */;
			buildPhases = (
				52808BB22F3DFA1600A676DD /* Sources */,
				52808BB32F3DFA1600A676DD /* Frameworks */,
				52808BB42F3DFA1600A676DD /* Resources */,
			);
			buildRules = (
			);
			dependencies = (
			);
			fileSystemSynchronizedGroups = (
				52808BB82F3DFA1600A676DD /* PocketPlant */,
			);
			name = PocketPlant;
			packageProductDependencies = (
			);
			productName = PocketPlant;
			productReference = 52808BB62F3DFA1600A676DD /* PocketPlant.app */;
			productType = "com.apple.product-type.application";
		};
		52808BC22F3DFA1800A676DD /* PocketPlantTests */ = {
			isa = PBXNativeTarget;
			buildConfigurationList = 52808BDA2F3DFA1800A676DD /* Build configuration list for PBXNativeTarget "PocketPlantTests" */;
			buildPhases = (
				52808BBF2F3DFA1800A676DD /* Sources */,
				52808BC02F3DFA1800A676DD /* Frameworks */,
				52808BC12F3DFA1800A676DD /* Resources */,
			);
			buildRules = (
			);
			dependencies = (
				52808BC52F3DFA1800A676DD /* PBXTargetDependency */,
			);
			fileSystemSynchronizedGroups = (
				52808BC62F3DFA1800A676DD /* PocketPlantTests */,
			);
			name = PocketPlantTests;
			packageProductDependencies = (
			);
			productName = PocketPlantTests;
			productReference = 52808BC32F3DFA1800A676DD /* PocketPlantTests.xctest */;
			productType = "com.apple.product-type.bundle.unit-test";
		};
		52808BCC2F3DFA1800A676DD /* PocketPlantUITests */ = {
			isa = PBXNativeTarget;
			buildConfigurationList = 52808BDD2F3DFA1800A676DD /* Build configuration list for PBXNativeTarget "PocketPlantUITests" */;
			buildPhases = (
				52808BC92F3DFA1800A676DD /* Sources */,
				52808BCA2F3DFA1800A676DD /* Frameworks */,
				52808BCB2F3DFA1800A676DD /* Resources */,
			);
			buildRules = (
			);
			dependencies = (
				52808BCF2F3DFA1800A676DD /* PBXTargetDependency */,
			);
			fileSystemSynchronizedGroups = (
				52808BD02F3DFA1800A676DD /* PocketPlantUITests */,
			);
			name = PocketPlantUITests;
			packageProductDependencies = (
			);
			productName = PocketPlantUITests;
			productReference = 52808BCD2F3DFA1800A676DD /* PocketPlantUITests.xctest */;
			productType = "com.apple.product-type.bundle.ui-testing";
		};
/* End PBXNativeTarget section */

/* Begin PBXProject section */
		52808BAE2F3DFA1600A676DD /* Project object */ = {
			isa = PBXProject;
			attributes = {
				BuildIndependentTargetsInParallel = 1;
				LastSwiftUpdateCheck = 1630;
				LastUpgradeCheck = 1630;
				TargetAttributes = {
					52808BB52F3DFA1600A676DD = {
						CreatedOnToolsVersion = 16.3;
					};
					52808BC22F3DFA1800A676DD = {
						CreatedOnToolsVersion = 16.3;
						TestTargetID = 52808BB52F3DFA1600A676DD;
					};
					52808BCC2F3DFA1800A676DD = {
						CreatedOnToolsVersion = 16.3;
						TestTargetID = 52808BB52F3DFA1600A676DD;
					};
				};
			};
			buildConfigurationList = 52808BB12F3DFA1600A676DD /* Build configuration list for PBXProject "PocketPlant" */;
			developmentRegion = en;
			hasScannedForEncodings = 0;
			knownRegions = (
				en,
				Base,
			);
			mainGroup = 52808BAD2F3DFA1600A676DD;
			minimizedProjectReferenceProxies = 1;
			preferredProjectObjectVersion = 77;
			productRefGroup = 52808BB72F3DFA1600A676DD /* Products */;
			projectDirPath = "";
			projectRoot = "";
			targets = (
				52808BB52F3DFA1600A676DD /* PocketPlant */,
				52808BC22F3DFA1800A676DD /* PocketPlantTests */,
				52808BCC2F3DFA1800A676DD /* PocketPlantUITests */,
			);
		};
/* End PBXProject section */

/* Begin PBXResourcesBuildPhase section */
		52808BB42F3DFA1600A676DD /* Resources */ = {
			isa = PBXResourcesBuildPhase;
			buildActionMask = 2147483647;
			files = (
			);
			runOnlyForDeploymentPostprocessing = 0;
		};
		52808BC12F3DFA1800A676DD /* Resources */ = {
			isa = PBXResourcesBuildPhase;
			buildActionMask = 2147483647;
			files = (
			);
			runOnlyForDeploymentPostprocessing = 0;
		};
		52808BCB2F3DFA1800A676DD /* Resources */ = {
			isa = PBXResourcesBuildPhase;
			buildActionMask = 2147483647;
			files = (
			);
			runOnlyForDeploymentPostprocessing = 0;
		};
/* End PBXResourcesBuildPhase section */

/* Begin PBXSourcesBuildPhase section */
		52808BB22F3DFA1600A676DD /* Sources */ = {
			isa = PBXSourcesBuildPhase;
			buildActionMask = 2147483647;
			files = (
			);
			runOnlyForDeploymentPostprocessing = 0;
		};
		52808BBF2F3DFA1800A676DD /* Sources */ = {
			isa = PBXSourcesBuildPhase;
			buildActionMask = 2147483647;
			files = (
			);
			runOnlyForDeploymentPostprocessing = 0;
		};
		52808BC92F3DFA1800A676DD /* Sources */ = {
			isa = PBXSourcesBuildPhase;
			buildActionMask = 2147483647;
			files = (
			);
			runOnlyForDeploymentPostprocessing = 0;
		};
/* End PBXSourcesBuildPhase section */

/* Begin PBXTargetDependency section */
		52808BC52F3DFA1800A676DD /* PBXTargetDependency */ = {
			isa = PBXTargetDependency;
			target = 52808BB52F3DFA1600A676DD /* PocketPlant */;
			targetProxy = 52808BC42F3DFA1800A676DD /* PBXContainerItemProxy */;
		};
		52808BCF2F3DFA1800A676DD /* PBXTargetDependency */ = {
			isa = PBXTargetDependency;
			target = 52808BB52F3DFA1600A676DD /* PocketPlant */;
			targetProxy = 52808BCE2F3DFA1800A676DD /* PBXContainerItemProxy */;
		};
/* End PBXTargetDependency section */

/* Begin XCBuildConfiguration section */
		52808BD52F3DFA1800A676DD /* Debug */ = {
			isa = XCBuildConfiguration;
			buildSettings = {
				ALWAYS_SEARCH_USER_PATHS = NO;
				ASSETCATALOG_COMPILER_GENERATE_SWIFT_ASSET_SYMBOL_EXTENSIONS = YES;
				CLANG_ANALYZER_NONNULL = YES;
				CLANG_ANALYZER_NUMBER_OBJECT_CONVERSION = YES_AGGRESSIVE;
				CLANG_CXX_LANGUAGE_STANDARD = "gnu++20";
				CLANG_ENABLE_MODULES = YES;
				CLANG_ENABLE_OBJC_ARC = YES;
				CLANG_ENABLE_OBJC_WEAK = YES;
				CLANG_WARN_BLOCK_CAPTURE_AUTORELEASING = YES;
				CLANG_WARN_BOOL_CONVERSION = YES;
				CLANG_WARN_COMMA = YES;
				CLANG_WARN_CONSTANT_CONVERSION = YES;
				CLANG_WARN_DEPRECATED_OBJC_IMPLEMENTATIONS = YES;
				CLANG_WARN_DIRECT_OBJC_ISA_USAGE = YES_ERROR;
				CLANG_WARN_DOCUMENTATION_COMMENTS = YES;
				CLANG_WARN_EMPTY_BODY = YES;
				CLANG_WARN_ENUM_CONVERSION = YES;
				CLANG_WARN_INFINITE_RECURSION = YES;
				CLANG_WARN_INT_CONVERSION = YES;
				CLANG_WARN_NON_LITERAL_NULL_CONVERSION = YES;
				CLANG_WARN_OBJC_IMPLICIT_RETAIN_SELF = YES;
				CLANG_WARN_OBJC_LITERAL_CONVERSION = YES;
				CLANG_WARN_OBJC_ROOT_CLASS = YES_ERROR;
				CLANG_WARN_QUOTED_INCLUDE_IN_FRAMEWORK_HEADER = YES;
				CLANG_WARN_RANGE_LOOP_ANALYSIS = YES;
				CLANG_WARN_STRICT_PROTOTYPES = YES;
				CLANG_WARN_SUSPICIOUS_MOVE = YES;
				CLANG_WARN_UNGUARDED_AVAILABILITY = YES_AGGRESSIVE;
				CLANG_WARN_UNREACHABLE_CODE = YES;
				CLANG_WARN__DUPLICATE_METHOD_MATCH = YES;
				COPY_PHASE_STRIP = NO;
				DEBUG_INFORMATION_FORMAT = dwarf;
				DEVELOPMENT_TEAM = VH85G4X6A6;
				ENABLE_STRICT_OBJC_MSGSEND = YES;
				ENABLE_TESTABILITY = YES;
				ENABLE_USER_SCRIPT_SANDBOXING = YES;
				GCC_C_LANGUAGE_STANDARD = gnu17;
				GCC_DYNAMIC_NO_PIC = NO;
				GCC_NO_COMMON_BLOCKS = YES;
				GCC_OPTIMIZATION_LEVEL = 0;
				GCC_PREPROCESSOR_DEFINITIONS = (
					"DEBUG=1",
					"$(inherited)",
				);
				GCC_WARN_64_TO_32_BIT_CONVERSION = YES;
				GCC_WARN_ABOUT_RETURN_TYPE = YES_ERROR;
				GCC_WARN_UNDECLARED_SELECTOR = YES;
				GCC_WARN_UNINITIALIZED_AUTOS = YES_AGGRESSIVE;
				GCC_WARN_UNUSED_FUNCTION = YES;
				GCC_WARN_UNUSED_VARIABLE = YES;
				IPHONEOS_DEPLOYMENT_TARGET = 18.4;
				LOCALIZATION_PREFERS_STRING_CATALOGS = YES;
				MTL_ENABLE_DEBUG_INFO = INCLUDE_SOURCE;
				MTL_FAST_MATH = YES;
				ONLY_ACTIVE_ARCH = YES;
				SDKROOT = iphoneos;
				SWIFT_ACTIVE_COMPILATION_CONDITIONS = "DEBUG $(inherited)";
				SWIFT_OPTIMIZATION_LEVEL = "-Onone";
			};
			name = Debug;
		};
		52808BD62F3DFA1800A676DD /* Release */ = {
			isa = XCBuildConfiguration;
			buildSettings = {
				ALWAYS_SEARCH_USER_PATHS = NO;
				ASSETCATALOG_COMPILER_GENERATE_SWIFT_ASSET_SYMBOL_EXTENSIONS = YES;
				CLANG_ANALYZER_NONNULL = YES;
				CLANG_ANALYZER_NUMBER_OBJECT_CONVERSION = YES_AGGRESSIVE;
				CLANG_CXX_LANGUAGE_STANDARD = "gnu++20";
				CLANG_ENABLE_MODULES = YES;
				CLANG_ENABLE_OBJC_ARC = YES;
				CLANG_ENABLE_OBJC_WEAK = YES;
				CLANG_WARN_BLOCK_CAPTURE_AUTORELEASING = YES;
				CLANG_WARN_BOOL_CONVERSION = YES;
				CLANG_WARN_COMMA = YES;
				CLANG_WARN_CONSTANT_CONVERSION = YES;
				CLANG_WARN_DEPRECATED_OBJC_IMPLEMENTATIONS = YES;
				CLANG_WARN_DIRECT_OBJC_ISA_USAGE = YES_ERROR;
				CLANG_WARN_DOCUMENTATION_COMMENTS = YES;
				CLANG_WARN_EMPTY_BODY = YES;
				CLANG_WARN_ENUM_CONVERSION = YES;
				CLANG_WARN_INFINITE_RECURSION = YES;
				CLANG_WARN_INT_CONVERSION = YES;
				CLANG_WARN_NON_LITERAL_NULL_CONVERSION = YES;
				CLANG_WARN_OBJC_IMPLICIT_RETAIN_SELF = YES;
				CLANG_WARN_OBJC_LITERAL_CONVERSION = YES;
				CLANG_WARN_OBJC_ROOT_CLASS = YES_ERROR;
				CLANG_WARN_QUOTED_INCLUDE_IN_FRAMEWORK_HEADER = YES;
				CLANG_WARN_RANGE_LOOP_ANALYSIS = YES;
				CLANG_WARN_STRICT_PROTOTYPES = YES;
				CLANG_WARN_SUSPICIOUS_MOVE = YES;
				CLANG_WARN_UNGUARDED_AVAILABILITY = YES_AGGRESSIVE;
				CLANG_WARN_UNREACHABLE_CODE = YES;
				CLANG_WARN__DUPLICATE_METHOD_MATCH = YES;
				COPY_PHASE_STRIP = NO;
				DEBUG_INFORMATION_FORMAT = "dwarf-with-dsym";
				DEVELOPMENT_TEAM = VH85G4X6A6;
				ENABLE_NS_ASSERTIONS = NO;
				ENABLE_STRICT_OBJC_MSGSEND = YES;
				ENABLE_USER_SCRIPT_SANDBOXING = YES;
				GCC_C_LANGUAGE_STANDARD = gnu17;
				GCC_NO_COMMON_BLOCKS = YES;
				GCC_WARN_64_TO_32_BIT_CONVERSION = YES;
				GCC_WARN_ABOUT_RETURN_TYPE = YES_ERROR;
				GCC_WARN_UNDECLARED_SELECTOR = YES;
				GCC_WARN_UNINITIALIZED_AUTOS = YES_AGGRESSIVE;
				GCC_WARN_UNUSED_FUNCTION = YES;
				GCC_WARN_UNUSED_VARIABLE = YES;
				IPHONEOS_DEPLOYMENT_TARGET = 18.4;
				LOCALIZATION_PREFERS_STRING_CATALOGS = YES;
				MTL_ENABLE_DEBUG_INFO = NO;
				MTL_FAST_MATH = YES;
				SDKROOT = iphoneos;
				SWIFT_COMPILATION_MODE = wholemodule;
				VALIDATE_PRODUCT = YES;
			};
			name = Release;
		};
		52808BD82F3DFA1800A676DD /* Debug */ = {
			isa = XCBuildConfiguration;
			buildSettings = {
				ASSETCATALOG_COMPILER_APPICON_NAME = AppIcon;
				ASSETCATALOG_COMPILER_GLOBAL_ACCENT_COLOR_NAME = AccentColor;
				CODE_SIGN_STYLE = Automatic;
				CURRENT_PROJECT_VERSION = 1;
				DEVELOPMENT_TEAM = VH85G4X6A6;
				ENABLE_PREVIEWS = YES;
				GENERATE_INFOPLIST_FILE = YES;
				INFOPLIST_KEY_UIApplicationSceneManifest_Generation = YES;
				INFOPLIST_KEY_UIApplicationSupportsIndirectInputEvents = YES;
				INFOPLIST_KEY_UILaunchScreen_Generation = YES;
				INFOPLIST_KEY_UISupportedInterfaceOrientations_iPad = "UIInterfaceOrientationPortrait UIInterfaceOrientationPortraitUpsideDown UIInterfaceOrientationLandscapeLeft UIInterfaceOrientationLandscapeRight";
				INFOPLIST_KEY_UISupportedInterfaceOrientations_iPhone = "UIInterfaceOrientationPortrait UIInterfaceOrientationLandscapeLeft UIInterfaceOrientationLandscapeRight";
				LD_RUNPATH_SEARCH_PATHS = (
					"$(inherited)",
					"@executable_path/Frameworks",
				);
				MARKETING_VERSION = 1.0;
				PRODUCT_BUNDLE_IDENTIFIER = fasteaglegroup.PocketPlant;
				PRODUCT_NAME = "$(TARGET_NAME)";
				SWIFT_EMIT_LOC_STRINGS = YES;
				SWIFT_VERSION = 5.0;
				TARGETED_DEVICE_FAMILY = "1,2";
			};
			name = Debug;
		};
		52808BD92F3DFA1800A676DD /* Release */ = {
			isa = XCBuildConfiguration;
			buildSettings = {
				ASSETCATALOG_COMPILER_APPICON_NAME = AppIcon;
				ASSETCATALOG_COMPILER_GLOBAL_ACCENT_COLOR_NAME = AccentColor;
				CODE_SIGN_STYLE = Automatic;
				CURRENT_PROJECT_VERSION = 1;
				DEVELOPMENT_TEAM = VH85G4X6A6;
				ENABLE_PREVIEWS = YES;
				GENERATE_INFOPLIST_FILE = YES;
				INFOPLIST_KEY_UIApplicationSceneManifest_Generation = YES;
				INFOPLIST_KEY_UIApplicationSupportsIndirectInputEvents = YES;
				INFOPLIST_KEY_UILaunchScreen_Generation = YES;
				INFOPLIST_KEY_UISupportedInterfaceOrientations_iPad = "UIInterfaceOrientationPortrait UIInterfaceOrientationPortraitUpsideDown UIInterfaceOrientationLandscapeLeft UIInterfaceOrientationLandscapeRight";
				INFOPLIST_KEY_UISupportedInterfaceOrientations_iPhone = "UIInterfaceOrientationPortrait UIInterfaceOrientationLandscapeLeft UIInterfaceOrientationLandscapeRight";
				LD_RUNPATH_SEARCH_PATHS = (
					"$(inherited)",
					"@executable_path/Frameworks",
				);
				MARKETING_VERSION = 1.0;
				PRODUCT_BUNDLE_IDENTIFIER = fasteaglegroup.PocketPlant;
				PRODUCT_NAME = "$(TARGET_NAME)";
				SWIFT_EMIT_LOC_STRINGS = YES;
				SWIFT_VERSION = 5.0;
				TARGETED_DEVICE_FAMILY = "1,2";
			};
			name = Release;
		};
		52808BDB2F3DFA1800A676DD /* Debug */ = {
			isa = XCBuildConfiguration;
			buildSettings = {
				BUNDLE_LOADER = "$(TEST_HOST)";
				CODE_SIGN_STYLE = Automatic;
				CURRENT_PROJECT_VERSION = 1;
				DEVELOPMENT_TEAM = VH85G4X6A6;
				GENERATE_INFOPLIST_FILE = YES;
				IPHONEOS_DEPLOYMENT_TARGET = 18.4;
				MARKETING_VERSION = 1.0;
				PRODUCT_BUNDLE_IDENTIFIER = fasteaglegroup.PocketPlantTests;
				PRODUCT_NAME = "$(TARGET_NAME)";
				SWIFT_EMIT_LOC_STRINGS = NO;
				SWIFT_VERSION = 5.0;
				TARGETED_DEVICE_FAMILY = "1,2";
				TEST_HOST = "$(BUILT_PRODUCTS_DIR)/PocketPlant.app/$(BUNDLE_EXECUTABLE_FOLDER_PATH)/PocketPlant";
			};
			name = Debug;
		};
		52808BDC2F3DFA1800A676DD /* Release */ = {
			isa = XCBuildConfiguration;
			buildSettings = {
				BUNDLE_LOADER = "$(TEST_HOST)";
				CODE_SIGN_STYLE = Automatic;
				CURRENT_PROJECT_VERSION = 1;
				DEVELOPMENT_TEAM = VH85G4X6A6;
				GENERATE_INFOPLIST_FILE = YES;
				IPHONEOS_DEPLOYMENT_TARGET = 18.4;
				MARKETING_VERSION = 1.0;
				PRODUCT_BUNDLE_IDENTIFIER = fasteaglegroup.PocketPlantTests;
				PRODUCT_NAME = "$(TARGET_NAME)";
				SWIFT_EMIT_LOC_STRINGS = NO;
				SWIFT_VERSION = 5.0;
				TARGETED_DEVICE_FAMILY = "1,2";
				TEST_HOST = "$(BUILT_PRODUCTS_DIR)/PocketPlant.app/$(BUNDLE_EXECUTABLE_FOLDER_PATH)/PocketPlant";
			};
			name = Release;
		};
		52808BDE2F3DFA1800A676DD /* Debug */ = {
			isa = XCBuildConfiguration;
			buildSettings = {
				CODE_SIGN_STYLE = Automatic;
				CURRENT_PROJECT_VERSION = 1;
				DEVELOPMENT_TEAM = VH85G4X6A6;
				GENERATE_INFOPLIST_FILE = YES;
				MARKETING_VERSION = 1.0;
				PRODUCT_BUNDLE_IDENTIFIER = fasteaglegroup.PocketPlantUITests;
				PRODUCT_NAME = "$(TARGET_NAME)";
				SWIFT_EMIT_LOC_STRINGS = NO;
				SWIFT_VERSION = 5.0;
				TARGETED_DEVICE_FAMILY = "1,2";
				TEST_TARGET_NAME = PocketPlant;
			};
			name = Debug;
		};
		52808BDF2F3DFA1800A676DD /* Release */ = {
			isa = XCBuildConfiguration;
			buildSettings = {
				CODE_SIGN_STYLE = Automatic;
				CURRENT_PROJECT_VERSION = 1;
				DEVELOPMENT_TEAM = VH85G4X6A6;
				GENERATE_INFOPLIST_FILE = YES;
				MARKETING_VERSION = 1.0;
				PRODUCT_BUNDLE_IDENTIFIER = fasteaglegroup.PocketPlantUITests;
				PRODUCT_NAME = "$(TARGET_NAME)";
				SWIFT_EMIT_LOC_STRINGS = NO;
				SWIFT_VERSION = 5.0;
				TARGETED_DEVICE_FAMILY = "1,2";
				TEST_TARGET_NAME = PocketPlant;
			};
			name = Release;
		};
/* End XCBuildConfiguration section */

/* Begin XCConfigurationList section */
		52808BB12F3DFA1600A676DD /* Build configuration list for PBXProject "PocketPlant" */ = {
			isa = XCConfigurationList;
			buildConfigurations = (
				52808BD52F3DFA1800A676DD /* Debug */,
				52808BD62F3DFA1800A676DD /* Release */,
			);
			defaultConfigurationIsVisible = 0;
			defaultConfigurationName = Release;
		};
		52808BD72F3DFA1800A676DD /* Build configuration list for PBXNativeTarget "PocketPlant" */ = {
			isa = XCConfigurationList;
			buildConfigurations = (
				52808BD82F3DFA1800A676DD /* Debug */,
				52808BD92F3DFA1800A676DD /* Release */,
			);
			defaultConfigurationIsVisible = 0;
			defaultConfigurationName = Release;
		};
		52808BDA2F3DFA1800A676DD /* Build configuration list for PBXNativeTarget "PocketPlantTests" */ = {
			isa = XCConfigurationList;
			buildConfigurations = (
				52808BDB2F3DFA1800A676DD /* Debug */,
				52808BDC2F3DFA1800A676DD /* Release */,
			);
			defaultConfigurationIsVisible = 0;
			defaultConfigurationName = Release;
		};
		52808BDD2F3DFA1800A676DD /* Build configuration list for PBXNativeTarget "PocketPlantUITests" */ = {
			isa = XCConfigurationList;
			buildConfigurations = (
				52808BDE2F3DFA1800A676DD /* Debug */,
				52808BDF2F3DFA1800A676DD /* Release */,
			);
			defaultConfigurationIsVisible = 0;
			defaultConfigurationName = Release;
		};
/* End XCConfigurationList section */
	};
	rootObject = 52808BAE2F3DFA1600A676DD /* Project object */;
}
